{
  "name": "mongo-script-analyzer",
  "version": "1.0.0",
  "lockfileVersion": 3,
  "requires": true,
  "packages": {
    "": {
      "name": "mongo-script-analyzer",
      "version": "1.0.0",
      "dependencies": {
        "@mongodb-js/shell-bson-parser": "1.5.13",
        "acorn": "8.16.0",
        "bson": "7.3.1",
        "mingo": "7.2.1",
        "mongodb-query-parser": "4.7.13"
      }
    },
    "node_modules/@mongodb-js/shell-bson-parser": {
      "version": "1.5.13",
      "resolved": "https://registry.npmjs.org/@mongodb-js/shell-bson-parser/-/shell-bson-parser-1.5.13.tgz",
      "integrity": "sha512-5r8OArHf2Vexm+rfZYWuezINjMtPn4MoH7ejKqf8D5LUTY/0zsl5c8cmpzH4B95PEoaDRcPM0ebSsoh4RPrmQg==",
      "license": "Apache-2.0",
      "dependencies": {
        "acorn": "^8.16.0"
      },
      "peerDependencies": {
        "bson": "^4.6.3 || ^5 || ^6.10.3 || ^7.0.0"
      }
    },
    "node_modules/acorn": {
      "version": "8.16.0",
      "resolved": "https://registry.npmjs.org/acorn/-/acorn-8.16.0.tgz",
      "integrity": "sha512-UVJyE9MttOsBQIDKw1skb9nAwQuR5wuGD3+82K6JgJlm/Y+KI92oNsMNGZCYdDsVtRHSak0pcV5Dno5+4jh9sw==",
      "license": "MIT",
      "bin": {
        "acorn": "bin/acorn"
      },
      "engines": {
        "node": ">=0.4.0"
      }
    },
    "node_modules/bson": {
      "version": "7.3.1",
      "resolved": "https://registry.npmjs.org/bson/-/bson-7.3.1.tgz",
      "integrity": "sha512-h/C0qe6857pQhcSJHLfsR1uYGj98Ge3wKAD3Ed9KqH3wcVh+BM4Jq4xISD7vs9OPuT07n+q3QQVjslJ286j6ag==",
      "license": "Apache-2.0",
      "engines": {
        "node": ">=20.19.0"
      }
    },
    "node_modules/debug": {
      "version": "4.4.3",
      "resolved": "https://registry.npmjs.org/debug/-/debug-4.4.3.tgz",
      "integrity": "sha512-RGwwWnwQvkVfavKVt22FGLw+xYSdzARwm0ru6DhTVA3umU5hZc28V3kO4stgYryrTlLpuvgI9GiijltAjNbcqA==",
      "license": "MIT",
      "dependencies": {
        "ms": "^2.1.3"
      },
      "engines": {
        "node": ">=6.0"
      },
      "peerDependenciesMeta": {
        "supports-color": {
          "optional": true
        }
      }
    },
    "node_modules/javascript-stringify": {
      "version": "2.1.0",
      "resolved": "https://registry.npmjs.org/javascript-stringify/-/javascript-stringify-2.1.0.tgz",
      "integrity": "sha512-JVAfqNPTvNq3sB/VHQJAFxN/sPgKnsKrCwyRt15zwNCdrMMJDdcEOdubuy+DuJYYdm0ox1J4uzEuYKkN+9yhVg==",
      "license": "MIT"
    },
    "node_modules/lodash": {
      "version": "4.18.1",
      "resolved": "https://registry.npmjs.org/lodash/-/lodash-4.18.1.tgz",
      "integrity": "sha512-dMInicTPVE8d1e5otfwmmjlxkZoUpiVLwyeTdUsi/Caj/gfzzblBcCE5sRHV/AsjuCmxWrte2TNGSYuCeCq+0Q==",
      "license": "MIT"
    },
    "node_modules/mingo": {
      "version": "7.2.1",
      "resolved": "https://registry.npmjs.org/mingo/-/mingo-7.2.1.tgz",
      "integrity": "sha512-MEIQPOSJS2sVCueyQeE2rzgEeW3HpIIhizPbeuwD4v7+miVj7NI3ZVPqqw8t3YPIWCivpIaXA4KsoRI7koyNOA==",
      "license": "MIT"
    },
    "node_modules/mongodb-query-parser": {
      "version": "4.7.13",
      "resolved": "https://registry.npmjs.org/mongodb-query-parser/-/mongodb-query-parser-4.7.13.tgz",
      "integrity": "sha512-Py89olXoQDv3C+2I1pa9PMBgSJO55OycqLrmW3t0LRPxYFXN3KbVNxuxpDxWnOMJxTx3O/mAhF4JpCwweXtR3A==",
      "license": "Apache-2.0",
      "dependencies": {
        "@mongodb-js/shell-bson-parser": "^1.5.13",
        "debug": "^4.4.0",
        "javascript-stringify": "^2.1.0",
        "lodash": "^4.17.21"
      },
      "peerDependencies": {
        "bson": "^4.6.3 || ^5 || ^6.10.3 || ^7.0.0"
      }
    },
    "node_modules/ms": {
      "version": "2.1.3",
      "resolved": "https://registry.npmjs.org/ms/-/ms-2.1.3.tgz",
      "integrity": "sha512-6FlzubTLZG3J2a/NVCAleEhjzq5oxgHyaCU9yYXvcLsvoVaHJq/s5xXI6/XXP6tz7R9xAOtHnSO/tXtF3WRTlA==",
      "license": "MIT"
    }
  }
}
